
Microsoft Visual Studio Solution File, Format Version 12.00
# Visual Studio 2013
VisualStudioVersion = 12.0.31101.0
MinimumVisualStudioVersion = 10.0.40219.1
Project("{FAE04EC0-301F-11D3-BF4B-00C04F79EFBC}") = "JetBlack.Monads", "JetBlack.Monads\JetBlack.Monads.csproj", "{C28D6609-87E1-4542-A02D-1E0548FFF2B8}"
EndProject
Project("{FAE04EC0-301F-11D3-BF4B-00C04F79EFBC}") = "JetBlack.Monads.Test", "JetBlack.Monads.Test\JetBlack.Monads.Test.csproj", "{AB32788C-3C8E-4338-8FB9-BE3ACCA752B5}"
EndProject
Project("{2150E333-8FDC-42A3-9474-1A3956D46DE8}") = "Solution Items", "Solution Items", "{9EAB3CA6-8B58-41A2-83C6-89384BAFB93C}"
	ProjectSection(SolutionItems) = preProject
		License.txt = License.txt
		README.md = README.md
	EndProjectSection
EndProject
Global
	GlobalSection(SolutionConfigurationPlatforms) = preSolution
		Debug|Any CPU = Debug|Any CPU
		Release|Any CPU = Release|Any CPU
	EndGlobalSection
	GlobalSection(ProjectConfigurationPlatforms) = postSolution
		{C28D6609-87E1-4542-A02D-1E0548FFF2B8}.Debug|Any CPU.ActiveCfg = Debug|Any CPU
		{C28D6609-87E1-4542-A02D-1E0548FFF2B8}.Debug|Any CPU.Build.0 = Debug|Any CPU
		{C28D6609-87E1-4542-A02D-1E0548FFF2B8}.Release|Any CPU.ActiveCfg = Release|Any CPU
		{C28D6609-87E1-4542-A02D-1E0548FFF2B8}.Release|Any CPU.Build.0 = Release|Any CPU
		{AB32788C-3C8E-4338-8FB9-BE3ACCA752B5}.Debug|Any CPU.ActiveCfg = Debug|Any CPU
		{AB32788C-3C8E-4338-8FB9-BE3ACCA752B5}.Debug|Any CPU.Build.0 = Debug|Any CPU
		{AB32788C-3C8E-4338-8FB9-BE3ACCA752B5}.Release|Any CPU.ActiveCfg = Release|Any CPU
		{AB32788C-3C8E-4338-8FB9-BE3ACCA752B5}.Release|Any CPU.Build.0 = Release|Any CPU
	EndGlobalSection
	GlobalSection(SolutionProperties) = preSolution
		HideSolutionNode = FALSE
	EndGlobalSection
EndGlobal
